
Microsoft Visual Studio Solution File, Format Version 12.00
# Visual Studio 15
VisualStudioVersion = 15.0.28307.757
MinimumVisualStudioVersion = 10.0.40219.1
Project("{8BC9CEB8-8B4A-11D0-8D11-00A0C91BC942}") = "Assignment_2_P2", "Assignment_2_P2\Assignment_2_P2.vcxproj", "{E6B542CB-5C53-43E4-AF2D-BE908CBA5AB9}"
EndProject
Global
	GlobalSection(SolutionConfigurationPlatforms) = preSolution
		Debug|x64 = Debug|x64
		Debug|x86 = Debug|x86
		Release|x64 = Release|x64
		Release|x86 = Release|x86
	EndGlobalSection
	GlobalSection(ProjectConfigurationPlatforms) = postSolution
		{E6B542CB-5C53-43E4-AF2D-BE908CBA5AB9}.Debug|x64.ActiveCfg = Debug|x64
		{E6B542CB-5C53-43E4-AF2D-BE908CBA5AB9}.Debug|x64.Build.0 = Debug|x64
		{E6B542CB-5C53-43E4-AF2D-BE908CBA5AB9}.Debug|x86.ActiveCfg = Debug|Win32
		{E6B542CB-5C53-43E4-AF2D-BE908CBA5AB9}.Debug|x86.Build.0 = Debug|Win32
		{E6B542CB-5C53-43E4-AF2D-BE908CBA5AB9}.Release|x64.ActiveCfg = Release|x64
		{E6B542CB-5C53-43E4-AF2D-BE908CBA5AB9}.Release|x64.Build.0 = Release|x64
		{E6B542CB-5C53-43E4-AF2D-BE908CBA5AB9}.Release|x86.ActiveCfg = Release|Win32
		{E6B542CB-5C53-43E4-AF2D-BE908CBA5AB9}.Release|x86.Build.0 = Release|Win32
	EndGlobalSection
	GlobalSection(SolutionProperties) = preSolution
		HideSolutionNode = FALSE
	EndGlobalSection
	GlobalSection(ExtensibilityGlobals) = postSolution
		SolutionGuid = {6D1D2752-AF6D-4561-8DE4-EBBFE747DEE8}
	EndGlobalSection
EndGlobal
