
Microsoft Visual Studio Solution File, Format Version 12.00
# Visual Studio 15
VisualStudioVersion = 15.0.27130.2026
MinimumVisualStudioVersion = 10.0.40219.1
Project("{8BC9CEB8-8B4A-11D0-8D11-00A0C91BC942}") = "Tutorial", "Tutorial\Tutorial.vcxproj", "{AFA8CE2F-6D35-4B63-BC29-AABA9FEE936D}"
EndProject
Global
	GlobalSection(SolutionConfigurationPlatforms) = preSolution
		Debug|x64 = Debug|x64
		Debug|x86 = Debug|x86
		Release|x64 = Release|x64
		Release|x86 = Release|x86
	EndGlobalSection
	GlobalSection(ProjectConfigurationPlatforms) = postSolution
		{AFA8CE2F-6D35-4B63-BC29-AABA9FEE936D}.Debug|x64.ActiveCfg = Debug|x64
		{AFA8CE2F-6D35-4B63-BC29-AABA9FEE936D}.Debug|x64.Build.0 = Debug|x64
		{AFA8CE2F-6D35-4B63-BC29-AABA9FEE936D}.Debug|x86.ActiveCfg = Debug|Win32
		{AFA8CE2F-6D35-4B63-BC29-AABA9FEE936D}.Debug|x86.Build.0 = Debug|Win32
		{AFA8CE2F-6D35-4B63-BC29-AABA9FEE936D}.Release|x64.ActiveCfg = Release|x64
		{AFA8CE2F-6D35-4B63-BC29-AABA9FEE936D}.Release|x64.Build.0 = Release|x64
		{AFA8CE2F-6D35-4B63-BC29-AABA9FEE936D}.Release|x86.ActiveCfg = Release|Win32
		{AFA8CE2F-6D35-4B63-BC29-AABA9FEE936D}.Release|x86.Build.0 = Release|Win32
	EndGlobalSection
	GlobalSection(SolutionProperties) = preSolution
		HideSolutionNode = FALSE
	EndGlobalSection
	GlobalSection(ExtensibilityGlobals) = postSolution
		SolutionGuid = {EE5B59CB-6F87-472F-B9FF-6A70B5F275A9}
	EndGlobalSection
EndGlobal
